
Microsoft Visual Studio Solution File, Format Version 12.00
# Visual Studio Version 16
VisualStudioVersion = 16.0.30717.126
MinimumVisualStudioVersion = 10.0.40219.1
Project("{FAE04EC0-301F-11D3-BF4B-00C04F79EFBC}") = "CryptographyLabs", "CryptographyLabs\CryptographyLabs.csproj", "{B8A35C7D-6431-488C-9D0E-F2CE6EE84845}"
EndProject
Project("{FAE04EC0-301F-11D3-BF4B-00C04F79EFBC}") = "UnitTests", "UnitTests\UnitTests.csproj", "{30B27B49-B2CB-4682-80C2-89522E6428EA}"
EndProject
Project("{FAE04EC0-301F-11D3-BF4B-00C04F79EFBC}") = "ConsoleTests", "ConsoleTests\ConsoleTests.csproj", "{0971958A-5E85-41DF-95BF-A9AFE97289D0}"
EndProject
Project("{FAE04EC0-301F-11D3-BF4B-00C04F79EFBC}") = "Module.RSA", "Module.RSA\Module.RSA.csproj", "{BC32831F-F4FB-477D-96D5-7567CDFDDD60}"
EndProject
Project("{2150E333-8FDC-42A3-9474-1A3956D46DE8}") = "SolutionItems", "SolutionItems", "{4C1FE71C-0612-45A3-A50C-D73DD57C5D68}"
	ProjectSection(SolutionItems) = preProject
		paket.dependencies = paket.dependencies
		.gitignore = .gitignore
	EndProjectSection
EndProject
Project("{FAE04EC0-301F-11D3-BF4B-00C04F79EFBC}") = "Module.RSA.UnitTests", "Module.RSA.UnitTests\Module.RSA.UnitTests.csproj", "{52C1C836-49BA-4F53-9CA6-F7A2E550EEBC}"
EndProject
Project("{FAE04EC0-301F-11D3-BF4B-00C04F79EFBC}") = "Util.RSA.PrimesPairGenerator", "Util.RSA.PrimesPairGenerator\Util.RSA.PrimesPairGenerator.csproj", "{A9ABA75D-1EED-43FB-9B52-0B01327166AE}"
EndProject
Project("{FAE04EC0-301F-11D3-BF4B-00C04F79EFBC}") = "Module.Rijndael", "Module.Rijndael\Module.Rijndael.csproj", "{3FF521DA-16A7-4821-A1C4-9631774B0A08}"
EndProject
Project("{FAE04EC0-301F-11D3-BF4B-00C04F79EFBC}") = "Module.Rijndael.UnitTests", "Module.Rijndael.UnitTests\Module.Rijndael.UnitTests.csproj", "{BAC1991B-AA04-462B-9116-1D864E7F3CC2}"
EndProject
Project("{FAE04EC0-301F-11D3-BF4B-00C04F79EFBC}") = "Module.Core", "Module.Core\Module.Core.csproj", "{5091BDBF-3FCE-4B18-8C8A-D294C219C52E}"
EndProject
Global
	GlobalSection(SolutionConfigurationPlatforms) = preSolution
		Debug|Any CPU = Debug|Any CPU
		Release|Any CPU = Release|Any CPU
	EndGlobalSection
	GlobalSection(ProjectConfigurationPlatforms) = postSolution
		{B8A35C7D-6431-488C-9D0E-F2CE6EE84845}.Debug|Any CPU.ActiveCfg = Debug|Any CPU
		{B8A35C7D-6431-488C-9D0E-F2CE6EE84845}.Debug|Any CPU.Build.0 = Debug|Any CPU
		{B8A35C7D-6431-488C-9D0E-F2CE6EE84845}.Release|Any CPU.ActiveCfg = Release|Any CPU
		{B8A35C7D-6431-488C-9D0E-F2CE6EE84845}.Release|Any CPU.Build.0 = Release|Any CPU
		{30B27B49-B2CB-4682-80C2-89522E6428EA}.Debug|Any CPU.ActiveCfg = Debug|Any CPU
		{30B27B49-B2CB-4682-80C2-89522E6428EA}.Debug|Any CPU.Build.0 = Debug|Any CPU
		{30B27B49-B2CB-4682-80C2-89522E6428EA}.Release|Any CPU.ActiveCfg = Release|Any CPU
		{30B27B49-B2CB-4682-80C2-89522E6428EA}.Release|Any CPU.Build.0 = Release|Any CPU
		{0971958A-5E85-41DF-95BF-A9AFE97289D0}.Debug|Any CPU.ActiveCfg = Debug|Any CPU
		{0971958A-5E85-41DF-95BF-A9AFE97289D0}.Debug|Any CPU.Build.0 = Debug|Any CPU
		{0971958A-5E85-41DF-95BF-A9AFE97289D0}.Release|Any CPU.ActiveCfg = Release|Any CPU
		{0971958A-5E85-41DF-95BF-A9AFE97289D0}.Release|Any CPU.Build.0 = Release|Any CPU
		{BC32831F-F4FB-477D-96D5-7567CDFDDD60}.Debug|Any CPU.ActiveCfg = Debug|Any CPU
		{BC32831F-F4FB-477D-96D5-7567CDFDDD60}.Debug|Any CPU.Build.0 = Debug|Any CPU
		{BC32831F-F4FB-477D-96D5-7567CDFDDD60}.Release|Any CPU.ActiveCfg = Release|Any CPU
		{BC32831F-F4FB-477D-96D5-7567CDFDDD60}.Release|Any CPU.Build.0 = Release|Any CPU
		{52C1C836-49BA-4F53-9CA6-F7A2E550EEBC}.Debug|Any CPU.ActiveCfg = Debug|Any CPU
		{52C1C836-49BA-4F53-9CA6-F7A2E550EEBC}.Debug|Any CPU.Build.0 = Debug|Any CPU
		{52C1C836-49BA-4F53-9CA6-F7A2E550EEBC}.Release|Any CPU.ActiveCfg = Release|Any CPU
		{52C1C836-49BA-4F53-9CA6-F7A2E550EEBC}.Release|Any CPU.Build.0 = Release|Any CPU
		{A9ABA75D-1EED-43FB-9B52-0B01327166AE}.Debug|Any CPU.ActiveCfg = Debug|Any CPU
		{A9ABA75D-1EED-43FB-9B52-0B01327166AE}.Debug|Any CPU.Build.0 = Debug|Any CPU
		{A9ABA75D-1EED-43FB-9B52-0B01327166AE}.Release|Any CPU.ActiveCfg = Release|Any CPU
		{A9ABA75D-1EED-43FB-9B52-0B01327166AE}.Release|Any CPU.Build.0 = Release|Any CPU
		{3FF521DA-16A7-4821-A1C4-9631774B0A08}.Debug|Any CPU.ActiveCfg = Debug|Any CPU
		{3FF521DA-16A7-4821-A1C4-9631774B0A08}.Debug|Any CPU.Build.0 = Debug|Any CPU
		{3FF521DA-16A7-4821-A1C4-9631774B0A08}.Release|Any CPU.ActiveCfg = Release|Any CPU
		{3FF521DA-16A7-4821-A1C4-9631774B0A08}.Release|Any CPU.Build.0 = Release|Any CPU
		{BAC1991B-AA04-462B-9116-1D864E7F3CC2}.Debug|Any CPU.ActiveCfg = Debug|Any CPU
		{BAC1991B-AA04-462B-9116-1D864E7F3CC2}.Debug|Any CPU.Build.0 = Debug|Any CPU
		{BAC1991B-AA04-462B-9116-1D864E7F3CC2}.Release|Any CPU.ActiveCfg = Release|Any CPU
		{BAC1991B-AA04-462B-9116-1D864E7F3CC2}.Release|Any CPU.Build.0 = Release|Any CPU
		{5091BDBF-3FCE-4B18-8C8A-D294C219C52E}.Debug|Any CPU.ActiveCfg = Debug|Any CPU
		{5091BDBF-3FCE-4B18-8C8A-D294C219C52E}.Debug|Any CPU.Build.0 = Debug|Any CPU
		{5091BDBF-3FCE-4B18-8C8A-D294C219C52E}.Release|Any CPU.ActiveCfg = Release|Any CPU
		{5091BDBF-3FCE-4B18-8C8A-D294C219C52E}.Release|Any CPU.Build.0 = Release|Any CPU
	EndGlobalSection
	GlobalSection(SolutionProperties) = preSolution
		HideSolutionNode = FALSE
	EndGlobalSection
	GlobalSection(ExtensibilityGlobals) = postSolution
		SolutionGuid = {5FD86BD5-C83B-480A-ADBE-03BC88C21DA9}
	EndGlobalSection
EndGlobal
